{
  "name": "@tess/cli",
  "version": "1.0.0",
  "lockfileVersion": 2,
  "requires": true,
  "packages": {
    "": {
      "name": "@tess/cli",
      "version": "1.0.0",
      "license": "MIT",
      "dependencies": {
        "colarg": "^2.0.1"
      },
      "devDependencies": {
        "@types/node": "^18.7.23"
      }
    },
    "../core": {
      "name": "@tess/core",
      "version": "1.0.0",
      "extraneous": true,
      "license": "MIT",
      "dependencies": {
        "@types/node": "^18.7.2"
      }
    },
    "node_modules/@types/node": {
      "version": "18.7.23",
      "resolved": "https://registry.npmjs.org/@types/node/-/node-18.7.23.tgz",
      "integrity": "sha512-DWNcCHolDq0ZKGizjx2DZjR/PqsYwAcYUJmfMWqtVU2MBMG5Mo+xFZrhGId5r/O5HOuMPyQEcM6KUBp5lBZZBg==",
      "dev": true
    },
    "node_modules/colarg": {
      "version": "2.0.1",
      "resolved": "https://registry.npmjs.org/colarg/-/colarg-2.0.1.tgz",
      "integrity": "sha512-R8JxxRDFKF8woLfYsGHH0E8l7g8cIVqEnDiCoa8HO2lGxaejAD+eAifQFOrXhvrirXOIaVUHaebSAYiw3lW0Dw=="
    }
  },
  "dependencies": {
    "@types/node": {
      "version": "18.7.23",
      "resolved": "https://registry.npmjs.org/@types/node/-/node-18.7.23.tgz",
      "integrity": "sha512-DWNcCHolDq0ZKGizjx2DZjR/PqsYwAcYUJmfMWqtVU2MBMG5Mo+xFZrhGId5r/O5HOuMPyQEcM6KUBp5lBZZBg==",
      "dev": true
    },
    "colarg": {
      "version": "2.0.1",
      "resolved": "https://registry.npmjs.org/colarg/-/colarg-2.0.1.tgz",
      "integrity": "sha512-R8JxxRDFKF8woLfYsGHH0E8l7g8cIVqEnDiCoa8HO2lGxaejAD+eAifQFOrXhvrirXOIaVUHaebSAYiw3lW0Dw=="
    }
  }
}
